// !$*UTF8*$!
{
	archiveVersion = 1;
	classes = {
	};
	objectVersion = 50;
	objects = {

/* Begin PBXBuildFile section */
		2290B338263714550014459C /* AppDelegate.m in Sources */ = {isa = PBXBuildFile; fileRef = 2290B337263714550014459C /* AppDelegate.m */; };
		2290B33B263714550014459C /* SceneDelegate.m in Sources */ = {isa = PBXBuildFile; fileRef = 2290B33A263714550014459C /* SceneDelegate.m */; };
		2290B33E263714550014459C /* ViewController.m in Sources */ = {isa = PBXBuildFile; fileRef = 2290B33D263714550014459C /* ViewController.m */; };
		2290B341263714550014459C /* Main.storyboard in Resources */ = {isa = PBXBuildFile; fileRef = 2290B33F263714550014459C /* Main.storyboard */; };
		2290B343263714560014459C /* Assets.xcassets in Resources */ = {isa = PBXBuildFile; fileRef = 2290B342263714560014459C /* Assets.xcassets */; };
		2290B346263714560014459C /* LaunchScreen.storyboard in Resources */ = {isa = PBXBuildFile; fileRef = 2290B344263714560014459C /* LaunchScreen.storyboard */; };
		2290B349263714560014459C /* main.m in Sources */ = {isa = PBXBuildFile; fileRef = 2290B348263714560014459C /* main.m */; };
		2A3FAE2DAF7E14698D0D97B3 /* libPods-DemoAutoSign.a in Frameworks */ = {isa = PBXBuildFile; fileRef = 6C9E0B3EB9A4AF1F6860F052 /* libPods-DemoAutoSign.a */; };
/* End PBXBuildFile section */

/* Begin PBXFileReference section */
		2290B333263714550014459C /* DemoAutoSign.app */ = {isa = PBXFileReference; explicitFileType = wrapper.application; includeInIndex = 0; path = DemoAutoSign.app; sourceTree = BUILT_PRODUCTS_DIR; };
		2290B336263714550014459C /* AppDelegate.h */ = {isa = PBXFileReference; lastKnownFileType = sourcecode.c.h; path = AppDelegate.h; sourceTree = "<group>"; };
		2290B337263714550014459C /* AppDelegate.m */ = {isa = PBXFileReference; lastKnownFileType = sourcecode.c.objc; path = AppDelegate.m; sourceTree = "<group>"; };
		2290B339263714550014459C /* SceneDelegate.h */ = {isa = PBXFileReference; lastKnownFileType = sourcecode.c.h; path = SceneDelegate.h; sourceTree = "<group>"; };
		2290B33A263714550014459C /* SceneDelegate.m */ = {isa = PBXFileReference; lastKnownFileType = sourcecode.c.objc; path = SceneDelegate.m; sourceTree = "<group>"; };
		2290B33C263714550014459C /* ViewController.h */ = {isa = PBXFileReference; lastKnownFileType = sourcecode.c.h; path = ViewController.h; sourceTree = "<group>"; };
		2290B33D263714550014459C /* ViewController.m */ = {isa = PBXFileReference; lastKnownFileType = sourcecode.c.objc; path = ViewController.m; sourceTree = "<group>"; };
		2290B340263714550014459C /* Base */ = {isa = PBXFileReference; lastKnownFileType = file.storyboard; name = Base; path = Base.lproj/Main.storyboard; sourceTree = "<group>"; };
		2290B342263714560014459C /* Assets.xcassets */ = {isa = PBXFileReference; lastKnownFileType = folder.assetcatalog; path = Assets.xcassets; sourceTree = "<group>"; };
		2290B345263714560014459C /* Base */ = {isa = PBXFileReference; lastKnownFileType = file.storyboard; name = Base; path = Base.lproj/LaunchScreen.storyboard; sourceTree = "<group>"; };
		2290B347263714560014459C /* Info.plist */ = {isa = PBXFileReference; lastKnownFileType = text.plist.xml; path = Info.plist; sourceTree = "<group>"; };
		2290B348263714560014459C /* main.m */ = {isa = PBXFileReference; lastKnownFileType = sourcecode.c.objc; path = main.m; sourceTree = "<group>"; };
		3AD287986D3353819089A461 /* Pods-DemoAutoSign.debug.xcconfig */ = {isa = PBXFileReference; includeInIndex = 1; lastKnownFileType = text.xcconfig; name = "Pods-DemoAutoSign.debug.xcconfig"; path = "Target Support Files/Pods-DemoAutoSign/Pods-DemoAutoSign.debug.xcconfig"; sourceTree = "<group>"; };
		6C9E0B3EB9A4AF1F6860F052 /* libPods-DemoAutoSign.a */ = {isa = PBXFileReference; explicitFileType = archive.ar; includeInIndex = 0; path = "libPods-DemoAutoSign.a"; sourceTree = BUILT_PRODUCTS_DIR; };
		815A00869A1615883D9562F4 /* Pods-DemoAutoSign.release.xcconfig */ = {isa = PBXFileReference; includeInIndex = 1; lastKnownFileType = text.xcconfig; name = "Pods-DemoAutoSign.release.xcconfig"; path = "Target Support Files/Pods-DemoAutoSign/Pods-DemoAutoSign.release.xcconfig"; sourceTree = "<group>"; };
/* End PBXFileReference section */

/* Begin PBXFrameworksBuildPhase section */
		2290B330263714550014459C /* Frameworks */ = {
			isa = PBXFrameworksBuildPhase;
			buildActionMask = 2147483647;
			files = (
				2A3FAE2DAF7E14698D0D97B3 /* libPods-DemoAutoSign.a in Frameworks */,
			);
			runOnlyForDeploymentPostprocessing = 0;
		};
/* End PBXFrameworksBuildPhase section */

/* Begin PBXGroup section */
		2290B32A263714550014459C = {
			isa = PBXGroup;
			children = (
				2290B335263714550014459C /* DemoAutoSign */,
				2290B334263714550014459C /* Products */,
				DA2A07DBADEC92118F477D18 /* Pods */,
				D691ADBF0171F67974C30247 /* Frameworks */,
			);
			sourceTree = "<group>";
		};
		2290B334263714550014459C /* Products */ = {
			isa = PBXGroup;
			children = (
				2290B333263714550014459C /* DemoAutoSign.app */,
			);
			name = Products;
			sourceTree = "<group>";
		};
		2290B335263714550014459C /* DemoAutoSign */ = {
			isa = PBXGroup;
			children = (
				2290B336263714550014459C /* AppDelegate.h */,
				2290B337263714550014459C /* AppDelegate.m */,
				2290B339263714550014459C /* SceneDelegate.h */,
				2290B33A263714550014459C /* SceneDelegate.m */,
				2290B33C263714550014459C /* ViewController.h */,
				2290B33D263714550014459C /* ViewController.m */,
				2290B33F263714550014459C /* Main.storyboard */,
				2290B342263714560014459C /* Assets.xcassets */,
				2290B344263714560014459C /* LaunchScreen.storyboard */,
				2290B347263714560014459C /* Info.plist */,
				2290B348263714560014459C /* main.m */,
			);
			path = DemoAutoSign;
			sourceTree = "<group>";
		};
		D691ADBF0171F67974C30247 /* Frameworks */ = {
			isa = PBXGroup;
			children = (
				6C9E0B3EB9A4AF1F6860F052 /* libPods-DemoAutoSign.a */,
			);
			name = Frameworks;
			sourceTree = "<group>";
		};
		DA2A07DBADEC92118F477D18 /* Pods */ = {
			isa = PBXGroup;
			children = (
				3AD287986D3353819089A461 /* Pods-DemoAutoSign.debug.xcconfig */,
				815A00869A1615883D9562F4 /* Pods-DemoAutoSign.release.xcconfig */,
			);
			name = Pods;
			path = Pods;
			sourceTree = "<group>";
		};
/* End PBXGroup section */

/* Begin PBXNativeTarget section */
		2290B332263714550014459C /* DemoAutoSign */ = {
			isa = PBXNativeTarget;
			buildConfigurationList = 2290B34C263714560014459C /* Build configuration list for PBXNativeTarget "DemoAutoSign" */;
			buildPhases = (
				93F61CA6329B3C5C1BFC44F0 /* [CP] Check Pods Manifest.lock */,
				2290B32F263714550014459C /* Sources */,
				2290B330263714550014459C /* Frameworks */,
				2290B331263714550014459C /* Resources */,
			);
			buildRules = (
			);
			dependencies = (
			);
			name = DemoAutoSign;
			productName = DemoAutoSign;
			productReference = 2290B333263714550014459C /* DemoAutoSign.app */;
			productType = "com.apple.product-type.application";
		};
/* End PBXNativeTarget section */

/* Begin PBXProject section */
		2290B32B263714550014459C /* Project object */ = {
			isa = PBXProject;
			attributes = {
				LastUpgradeCheck = 1240;
				TargetAttributes = {
					2290B332263714550014459C = {
						CreatedOnToolsVersion = 12.4;
					};
				};
			};
			buildConfigurationList = 2290B32E263714550014459C /* Build configuration list for PBXProject "DemoAutoSign" */;
			compatibilityVersion = "Xcode 9.3";
			developmentRegion = en;
			hasScannedForEncodings = 0;
			knownRegions = (
				en,
				Base,
			);
			mainGroup = 2290B32A263714550014459C;
			productRefGroup = 2290B334263714550014459C /* Products */;
			projectDirPath = "";
			projectRoot = "";
			targets = (
				2290B332263714550014459C /* DemoAutoSign */,
			);
		};
/* End PBXProject section */

/* Begin PBXResourcesBuildPhase section */
		2290B331263714550014459C /* Resources */ = {
			isa = PBXResourcesBuildPhase;
			buildActionMask = 2147483647;
			files = (
				2290B346263714560014459C /* LaunchScreen.storyboard in Resources */,
				2290B343263714560014459C /* Assets.xcassets in Resources */,
				2290B341263714550014459C /* Main.storyboard in Resources */,
			);
			runOnlyForDeploymentPostprocessing = 0;
		};
/* End PBXResourcesBuildPhase section */

/* Begin PBXShellScriptBuildPhase section */
		93F61CA6329B3C5C1BFC44F0 /* [CP] Check Pods Manifest.lock */ = {
			isa = PBXShellScriptBuildPhase;
			buildActionMask = 2147483647;
			files = (
			);
			inputFileListPaths = (
			);
			inputPaths = (
				"${PODS_PODFILE_DIR_PATH}/Podfile.lock",
				"${PODS_ROOT}/Manifest.lock",
			);
			name = "[CP] Check Pods Manifest.lock";
			outputFileListPaths = (
			);
			outputPaths = (
				"$(DERIVED_FILE_DIR)/Pods-DemoAutoSign-checkManifestLockResult.txt",
			);
			runOnlyForDeploymentPostprocessing = 0;
			shellPath = /bin/sh;
			shellScript = "diff \"${PODS_PODFILE_DIR_PATH}/Podfile.lock\" \"${PODS_ROOT}/Manifest.lock\" > /dev/null\nif [ $? != 0 ] ; then\n    # print error to STDERR\n    echo \"error: The sandbox is not in sync with the Podfile.lock. Run 'pod install' or update your CocoaPods installation.\" >&2\n    exit 1\nfi\n# This output is used by Xcode 'outputs' to avoid re-running this script phase.\necho \"SUCCESS\" > \"${SCRIPT_OUTPUT_FILE_0}\"\n";
			showEnvVarsInLog = 0;
		};
/* End PBXShellScriptBuildPhase section */

/* Begin PBXSourcesBuildPhase section */
		2290B32F263714550014459C /* Sources */ = {
			isa = PBXSourcesBuildPhase;
			buildActionMask = 2147483647;
			files = (
				2290B33E263714550014459C /* ViewController.m in Sources */,
				2290B338263714550014459C /* AppDelegate.m in Sources */,
				2290B349263714560014459C /* main.m in Sources */,
				2290B33B263714550014459C /* SceneDelegate.m in Sources */,
			);
			runOnlyForDeploymentPostprocessing = 0;
		};
/* End PBXSourcesBuildPhase section */

/* Begin PBXVariantGroup section */
		2290B33F263714550014459C /* Main.storyboard */ = {
			isa = PBXVariantGroup;
			children = (
				2290B340263714550014459C /* Base */,
			);
			name = Main.storyboard;
			sourceTree = "<group>";
		};
		2290B344263714560014459C /* LaunchScreen.storyboard */ = {
			isa = PBXVariantGroup;
			children = (
				2290B345263714560014459C /* Base */,
			);
			name = LaunchScreen.storyboard;
			sourceTree = "<group>";
		};
/* End PBXVariantGroup section */

/* Begin XCBuildConfiguration section */
		2290B34A263714560014459C /* Debug */ = {
			isa = XCBuildConfiguration;
			buildSettings = {
				ALWAYS_SEARCH_USER_PATHS = NO;
				CLANG_ANALYZER_NONNULL = YES;
				CLANG_ANALYZER_NUMBER_OBJECT_CONVERSION = YES_AGGRESSIVE;
				CLANG_CXX_LANGUAGE_STANDARD = "gnu++14";
				CLANG_CXX_LIBRARY = "libc++";
				CLANG_ENABLE_MODULES = YES;
				CLANG_ENABLE_OBJC_ARC = YES;
				CLANG_ENABLE_OBJC_WEAK = YES;
				CLANG_WARN_BLOCK_CAPTURE_AUTORELEASING = YES;
				CLANG_WARN_BOOL_CONVERSION = YES;
				CLANG_WARN_COMMA = YES;
				CLANG_WARN_CONSTANT_CONVERSION = YES;
				CLANG_WARN_DEPRECATED_OBJC_IMPLEMENTATIONS = YES;
				CLANG_WARN_DIRECT_OBJC_ISA_USAGE = YES_ERROR;
				CLANG_WARN_DOCUMENTATION_COMMENTS = YES;
				CLANG_WARN_EMPTY_BODY = YES;
				CLANG_WARN_ENUM_CONVERSION = YES;
				CLANG_WARN_INFINITE_RECURSION = YES;
				CLANG_WARN_INT_CONVERSION = YES;
				CLANG_WARN_NON_LITERAL_NULL_CONVERSION = YES;
				CLANG_WARN_OBJC_IMPLICIT_RETAIN_SELF = YES;
				CLANG_WARN_OBJC_LITERAL_CONVERSION = YES;
				CLANG_WARN_OBJC_ROOT_CLASS = YES_ERROR;
				CLANG_WARN_QUOTED_INCLUDE_IN_FRAMEWORK_HEADER = YES;
				CLANG_WARN_RANGE_LOOP_ANALYSIS = YES;
				CLANG_WARN_STRICT_PROTOTYPES = YES;
				CLANG_WARN_SUSPICIOUS_MOVE = YES;
				CLANG_WARN_UNGUARDED_AVAILABILITY = YES_AGGRESSIVE;
				CLANG_WARN_UNREACHABLE_CODE = YES;
				CLANG_WARN__DUPLICATE_METHOD_MATCH = YES;
				COPY_PHASE_STRIP = NO;
				DEBUG_INFORMATION_FORMAT = dwarf;
				ENABLE_STRICT_OBJC_MSGSEND = YES;
				ENABLE_TESTABILITY = YES;
				GCC_C_LANGUAGE_STANDARD = gnu11;
				GCC_DYNAMIC_NO_PIC = NO;
				GCC_NO_COMMON_BLOCKS = YES;
				GCC_OPTIMIZATION_LEVEL = 0;
				GCC_PREPROCESSOR_DEFINITIONS = (
					"DEBUG=1",
					"$(inherited)",
				);
				GCC_WARN_64_TO_32_BIT_CONVERSION = YES;
				GCC_WARN_ABOUT_RETURN_TYPE = YES_ERROR;
				GCC_WARN_UNDECLARED_SELECTOR = YES;
				GCC_WARN_UNINITIALIZED_AUTOS = YES_AGGRESSIVE;
				GCC_WARN_UNUSED_FUNCTION = YES;
				GCC_WARN_UNUSED_VARIABLE = YES;
				IPHONEOS_DEPLOYMENT_TARGET = 14.4;
				MTL_ENABLE_DEBUG_INFO = INCLUDE_SOURCE;
				MTL_FAST_MATH = YES;
				ONLY_ACTIVE_ARCH = YES;
				SDKROOT = iphoneos;
			};
			name = Debug;
		};
		2290B34B263714560014459C /* Release */ = {
			isa = XCBuildConfiguration;
			buildSettings = {
				ALWAYS_SEARCH_USER_PATHS = NO;
				CLANG_ANALYZER_NONNULL = YES;
				CLANG_ANALYZER_NUMBER_OBJECT_CONVERSION = YES_AGGRESSIVE;
				CLANG_CXX_LANGUAGE_STANDARD = "gnu++14";
				CLANG_CXX_LIBRARY = "libc++";
				CLANG_ENABLE_MODULES = YES;
				CLANG_ENABLE_OBJC_ARC = YES;
				CLANG_ENABLE_OBJC_WEAK = YES;
				CLANG_WARN_BLOCK_CAPTURE_AUTORELEASING = YES;
				CLANG_WARN_BOOL_CONVERSION = YES;
				CLANG_WARN_COMMA = YES;
				CLANG_WARN_CONSTANT_CONVERSION = YES;
				CLANG_WARN_DEPRECATED_OBJC_IMPLEMENTATIONS = YES;
				CLANG_WARN_DIRECT_OBJC_ISA_USAGE = YES_ERROR;
				CLANG_WARN_DOCUMENTATION_COMMENTS = YES;
				CLANG_WARN_EMPTY_BODY = YES;
				CLANG_WARN_ENUM_CONVERSION = YES;
				CLANG_WARN_INFINITE_RECURSION = YES;
				CLANG_WARN_INT_CONVERSION = YES;
				CLANG_WARN_NON_LITERAL_NULL_CONVERSION = YES;
				CLANG_WARN_OBJC_IMPLICIT_RETAIN_SELF = YES;
				CLANG_WARN_OBJC_LITERAL_CONVERSION = YES;
				CLANG_WARN_OBJC_ROOT_CLASS = YES_ERROR;
				CLANG_WARN_QUOTED_INCLUDE_IN_FRAMEWORK_HEADER = YES;
				CLANG_WARN_RANGE_LOOP_ANALYSIS = YES;
				CLANG_WARN_STRICT_PROTOTYPES = YES;
				CLANG_WARN_SUSPICIOUS_MOVE = YES;
				CLANG_WARN_UNGUARDED_AVAILABILITY = YES_AGGRESSIVE;
				CLANG_WARN_UNREACHABLE_CODE = YES;
				CLANG_WARN__DUPLICATE_METHOD_MATCH = YES;
				COPY_PHASE_STRIP = NO;
				DEBUG_INFORMATION_FORMAT = "dwarf-with-dsym";
				ENABLE_NS_ASSERTIONS = NO;
				ENABLE_STRICT_OBJC_MSGSEND = YES;
				GCC_C_LANGUAGE_STANDARD = gnu11;
				GCC_NO_COMMON_BLOCKS = YES;
				GCC_WARN_64_TO_32_BIT_CONVERSION = YES;
				GCC_WARN_ABOUT_RETURN_TYPE = YES_ERROR;
				GCC_WARN_UNDECLARED_SELECTOR = YES;
				GCC_WARN_UNINITIALIZED_AUTOS = YES_AGGRESSIVE;
				GCC_WARN_UNUSED_FUNCTION = YES;
				GCC_WARN_UNUSED_VARIABLE = YES;
				IPHONEOS_DEPLOYMENT_TARGET = 14.4;
				MTL_ENABLE_DEBUG_INFO = NO;
				MTL_FAST_MATH = YES;
				SDKROOT = iphoneos;
				VALIDATE_PRODUCT = YES;
			};
			name = Release;
		};
		2290B34D263714560014459C /* Debug */ = {
			isa = XCBuildConfiguration;
			baseConfigurationReference = 3AD287986D3353819089A461 /* Pods-DemoAutoSign.debug.xcconfig */;
			buildSettings = {
				ASSETCATALOG_COMPILER_APPICON_NAME = AppIcon;
				ASSETCATALOG_COMPILER_GLOBAL_ACCENT_COLOR_NAME = AccentColor;
				CODE_SIGN_STYLE = Automatic;
				DEVELOPMENT_TEAM = ZXV5DQ9J9F;
				INFOPLIST_FILE = DemoAutoSign/Info.plist;
				LD_RUNPATH_SEARCH_PATHS = (
					"$(inherited)",
					"@executable_path/Frameworks",
				);
				PRODUCT_BUNDLE_IDENTIFIER = com.dwjchn.DemoAutoSign;
				PRODUCT_NAME = "$(TARGET_NAME)";
				TARGETED_DEVICE_FAMILY = "1,2";
			};
			name = Debug;
		};
		2290B34E263714560014459C /* Release */ = {
			isa = XCBuildConfiguration;
			baseConfigurationReference = 815A00869A1615883D9562F4 /* Pods-DemoAutoSign.release.xcconfig */;
			buildSettings = {
				ASSETCATALOG_COMPILER_APPICON_NAME = AppIcon;
				ASSETCATALOG_COMPILER_GLOBAL_ACCENT_COLOR_NAME = AccentColor;
				CODE_SIGN_STYLE = Automatic;
				DEVELOPMENT_TEAM = ZXV5DQ9J9F;
				INFOPLIST_FILE = DemoAutoSign/Info.plist;
				LD_RUNPATH_SEARCH_PATHS = (
					"$(inherited)",
					"@executable_path/Frameworks",
				);
				PRODUCT_BUNDLE_IDENTIFIER = com.dwjchn.DemoAutoSign;
				PRODUCT_NAME = "$(TARGET_NAME)";
				TARGETED_DEVICE_FAMILY = "1,2";
			};
			name = Release;
		};
/* End XCBuildConfiguration section */

/* Begin XCConfigurationList section */
		2290B32E263714550014459C /* Build configuration list for PBXProject "DemoAutoSign" */ = {
			isa = XCConfigurationList;
			buildConfigurations = (
				2290B34A263714560014459C /* Debug */,
				2290B34B263714560014459C /* Release */,
			);
			defaultConfigurationIsVisible = 0;
			defaultConfigurationName = Release;
		};
		2290B34C263714560014459C /* Build configuration list for PBXNativeTarget "DemoAutoSign" */ = {
			isa = XCConfigurationList;
			buildConfigurations = (
				2290B34D263714560014459C /* Debug */,
				2290B34E263714560014459C /* Release */,
			);
			defaultConfigurationIsVisible = 0;
			defaultConfigurationName = Release;
		};
/* End XCConfigurationList section */
	};
	rootObject = 2290B32B263714550014459C /* Project object */;
}
